// !$*UTF8*$!
{
	archiveVersion = 1;
	classes = {
	};
	objectVersion = 56;
	objects = {

/* Begin PBXBuildFile section */
		8B240FFC2CA18E63004D32F0 /* FirebaseAuth in Frameworks */ = {isa = PBXBuildFile; productRef = 8B240FFB2CA18E63004D32F0 /* FirebaseAuth */; };
		8B240FFE2CA18E63004D32F0 /* FirebaseFirestore in Frameworks */ = {isa = PBXBuildFile; productRef = 8B240FFD2CA18E63004D32F0 /* FirebaseFirestore */; };
		8B24100B2CA1991F004D32F0 /* AuthTextField.swift in Sources */ = {isa = PBXBuildFile; fileRef = 8B24100A2CA1991F004D32F0 /* AuthTextField.swift */; };
		8B2410102CA1A383004D32F0 /* AuthHeaderView.swift in Sources */ = {isa = PBXBuildFile; fileRef = 8B24100F2CA1A37E004D32F0 /* AuthHeaderView.swift */; };
		8B2410122CA1AC73004D32F0 /* SignUpController.swift in Sources */ = {isa = PBXBuildFile; fileRef = 8B2410112CA1AC6A004D32F0 /* SignUpController.swift */; };
		8B75B6772CA437E500D2A02D /* AlertLabels.swift in Sources */ = {isa = PBXBuildFile; fileRef = 8B75B6762CA437E300D2A02D /* AlertLabels.swift */; };
		8B75B67A2CA4380C00D2A02D /* AlertView.swift in Sources */ = {isa = PBXBuildFile; fileRef = 8B75B6792CA4380700D2A02D /* AlertView.swift */; };
		8B75B67C2CA439BB00D2A02D /* AlertButton.swift in Sources */ = {isa = PBXBuildFile; fileRef = 8B75B67B2CA439B900D2A02D /* AlertButton.swift */; };
		8B82DE4D2CA2E0CD0072DD2C /* SignInController.swift in Sources */ = {isa = PBXBuildFile; fileRef = 8B82DE4C2CA2E0C90072DD2C /* SignInController.swift */; };
		8B82DE4F2CA2E1D30072DD2C /* Buttons.swift in Sources */ = {isa = PBXBuildFile; fileRef = 8B82DE4E2CA2E1D00072DD2C /* Buttons.swift */; };
		8B82DE512CA2E76B0072DD2C /* ResetPasswordController.swift in Sources */ = {isa = PBXBuildFile; fileRef = 8B82DE502CA2E7650072DD2C /* ResetPasswordController.swift */; };
		8BAFF3E42CAD5D0F004FD64B /* SignUpController+Extension.swift in Sources */ = {isa = PBXBuildFile; fileRef = 8BAFF3E32CAD5D08004FD64B /* SignUpController+Extension.swift */; };
		8BAFF3E62CAD5DF8004FD64B /* SignInController+Extension.swift in Sources */ = {isa = PBXBuildFile; fileRef = 8BAFF3E52CAD5DF0004FD64B /* SignInController+Extension.swift */; };
		8BAFF3E82CAD5E8A004FD64B /* ResetPasswordController+Extension.swift in Sources */ = {isa = PBXBuildFile; fileRef = 8BAFF3E72CAD5E85004FD64B /* ResetPasswordController+Extension.swift */; };
		8BAFF3EA2CAD5EEF004FD64B /* UIViewController+Extension.swift in Sources */ = {isa = PBXBuildFile; fileRef = 8BAFF3E92CAD5EEB004FD64B /* UIViewController+Extension.swift */; };
		8BAFF3EC2CAD5F0B004FD64B /* UITabBarController+Extension.swift in Sources */ = {isa = PBXBuildFile; fileRef = 8BAFF3EB2CAD5F06004FD64B /* UITabBarController+Extension.swift */; };
		8BAFF3EE2CAD5F21004FD64B /* UIButton+Extension.swift in Sources */ = {isa = PBXBuildFile; fileRef = 8BAFF3ED2CAD5F1D004FD64B /* UIButton+Extension.swift */; };
		8BAFF3F42CAD61A5004FD64B /* SignInViewModel.swift in Sources */ = {isa = PBXBuildFile; fileRef = 8BAFF3F32CAD61A2004FD64B /* SignInViewModel.swift */; };
		8BAFF3F62CAD61AD004FD64B /* AuthViewModel.swift in Sources */ = {isa = PBXBuildFile; fileRef = 8BAFF3F52CAD61AA004FD64B /* AuthViewModel.swift */; };
		8BAFF3F82CAD6804004FD64B /* ResetPasswordViewModel.swift in Sources */ = {isa = PBXBuildFile; fileRef = 8BAFF3F72CAD67FD004FD64B /* ResetPasswordViewModel.swift */; };
		8BAFF3FA2CAD72F6004FD64B /* SignUpViewModel.swift in Sources */ = {isa = PBXBuildFile; fileRef = 8BAFF3F92CAD72F1004FD64B /* SignUpViewModel.swift */; };
		8BE27A932C9CC78600C27144 /* AppDelegate.swift in Sources */ = {isa = PBXBuildFile; fileRef = 8BE27A922C9CC78600C27144 /* AppDelegate.swift */; };
		8BE27A952C9CC78600C27144 /* SceneDelegate.swift in Sources */ = {isa = PBXBuildFile; fileRef = 8BE27A942C9CC78600C27144 /* SceneDelegate.swift */; };
		8BE27A9C2C9CC78800C27144 /* Assets.xcassets in Resources */ = {isa = PBXBuildFile; fileRef = 8BE27A9B2C9CC78800C27144 /* Assets.xcassets */; };
		8BE27A9F2C9CC78800C27144 /* Base in Resources */ = {isa = PBXBuildFile; fileRef = 8BE27A9E2C9CC78800C27144 /* Base */; };
		8BE27AA92C9CC7F200C27144 /* MainTabController.swift in Sources */ = {isa = PBXBuildFile; fileRef = 8BE27AA82C9CC7F200C27144 /* MainTabController.swift */; };
		8BE27AAB2C9DA89000C27144 /* LatestController.swift in Sources */ = {isa = PBXBuildFile; fileRef = 8BE27AAA2C9DA89000C27144 /* LatestController.swift */; };
		8BE27AAD2C9DA8A100C27144 /* RandomController.swift in Sources */ = {isa = PBXBuildFile; fileRef = 8BE27AAC2C9DA8A100C27144 /* RandomController.swift */; };
		8BE27AAF2C9DA8AE00C27144 /* ProfileController.swift in Sources */ = {isa = PBXBuildFile; fileRef = 8BE27AAE2C9DA8AE00C27144 /* ProfileController.swift */; };
		8BE27AB42C9DAD1800C27144 /* CreateController.swift in Sources */ = {isa = PBXBuildFile; fileRef = 8BE27AB32C9DAD1800C27144 /* CreateController.swift */; };
/* End PBXBuildFile section */

/* Begin PBXFileReference section */
		8B24100A2CA1991F004D32F0 /* AuthTextField.swift */ = {isa = PBXFileReference; lastKnownFileType = sourcecode.swift; path = AuthTextField.swift; sourceTree = "<group>"; };
		8B24100F2CA1A37E004D32F0 /* AuthHeaderView.swift */ = {isa = PBXFileReference; lastKnownFileType = sourcecode.swift; path = AuthHeaderView.swift; sourceTree = "<group>"; };
		8B2410112CA1AC6A004D32F0 /* SignUpController.swift */ = {isa = PBXFileReference; lastKnownFileType = sourcecode.swift; path = SignUpController.swift; sourceTree = "<group>"; };
		8B75B6762CA437E300D2A02D /* AlertLabels.swift */ = {isa = PBXFileReference; lastKnownFileType = sourcecode.swift; path = AlertLabels.swift; sourceTree = "<group>"; };
		8B75B6792CA4380700D2A02D /* AlertView.swift */ = {isa = PBXFileReference; lastKnownFileType = sourcecode.swift; path = AlertView.swift; sourceTree = "<group>"; };
		8B75B67B2CA439B900D2A02D /* AlertButton.swift */ = {isa = PBXFileReference; lastKnownFileType = sourcecode.swift; path = AlertButton.swift; sourceTree = "<group>"; };
		8B82DE4C2CA2E0C90072DD2C /* SignInController.swift */ = {isa = PBXFileReference; lastKnownFileType = sourcecode.swift; path = SignInController.swift; sourceTree = "<group>"; };
		8B82DE4E2CA2E1D00072DD2C /* Buttons.swift */ = {isa = PBXFileReference; lastKnownFileType = sourcecode.swift; path = Buttons.swift; sourceTree = "<group>"; };
		8B82DE502CA2E7650072DD2C /* ResetPasswordController.swift */ = {isa = PBXFileReference; lastKnownFileType = sourcecode.swift; path = ResetPasswordController.swift; sourceTree = "<group>"; };
		8BAFF3E32CAD5D08004FD64B /* SignUpController+Extension.swift */ = {isa = PBXFileReference; lastKnownFileType = sourcecode.swift; path = "SignUpController+Extension.swift"; sourceTree = "<group>"; };
		8BAFF3E52CAD5DF0004FD64B /* SignInController+Extension.swift */ = {isa = PBXFileReference; lastKnownFileType = sourcecode.swift; path = "SignInController+Extension.swift"; sourceTree = "<group>"; };
		8BAFF3E72CAD5E85004FD64B /* ResetPasswordController+Extension.swift */ = {isa = PBXFileReference; lastKnownFileType = sourcecode.swift; path = "ResetPasswordController+Extension.swift"; sourceTree = "<group>"; };
		8BAFF3E92CAD5EEB004FD64B /* UIViewController+Extension.swift */ = {isa = PBXFileReference; lastKnownFileType = sourcecode.swift; path = "UIViewController+Extension.swift"; sourceTree = "<group>"; };
		8BAFF3EB2CAD5F06004FD64B /* UITabBarController+Extension.swift */ = {isa = PBXFileReference; lastKnownFileType = sourcecode.swift; path = "UITabBarController+Extension.swift"; sourceTree = "<group>"; };
		8BAFF3ED2CAD5F1D004FD64B /* UIButton+Extension.swift */ = {isa = PBXFileReference; lastKnownFileType = sourcecode.swift; path = "UIButton+Extension.swift"; sourceTree = "<group>"; };
		8BAFF3F32CAD61A2004FD64B /* SignInViewModel.swift */ = {isa = PBXFileReference; lastKnownFileType = sourcecode.swift; path = SignInViewModel.swift; sourceTree = "<group>"; };
		8BAFF3F52CAD61AA004FD64B /* AuthViewModel.swift */ = {isa = PBXFileReference; lastKnownFileType = sourcecode.swift; path = AuthViewModel.swift; sourceTree = "<group>"; };
		8BAFF3F72CAD67FD004FD64B /* ResetPasswordViewModel.swift */ = {isa = PBXFileReference; lastKnownFileType = sourcecode.swift; path = ResetPasswordViewModel.swift; sourceTree = "<group>"; };
		8BAFF3F92CAD72F1004FD64B /* SignUpViewModel.swift */ = {isa = PBXFileReference; lastKnownFileType = sourcecode.swift; path = SignUpViewModel.swift; sourceTree = "<group>"; };
		8BE27A8F2C9CC78600C27144 /* colors-app.app */ = {isa = PBXFileReference; explicitFileType = wrapper.application; includeInIndex = 0; path = "colors-app.app"; sourceTree = BUILT_PRODUCTS_DIR; };
		8BE27A922C9CC78600C27144 /* AppDelegate.swift */ = {isa = PBXFileReference; lastKnownFileType = sourcecode.swift; path = AppDelegate.swift; sourceTree = "<group>"; };
		8BE27A942C9CC78600C27144 /* SceneDelegate.swift */ = {isa = PBXFileReference; lastKnownFileType = sourcecode.swift; path = SceneDelegate.swift; sourceTree = "<group>"; };
		8BE27A9B2C9CC78800C27144 /* Assets.xcassets */ = {isa = PBXFileReference; lastKnownFileType = folder.assetcatalog; path = Assets.xcassets; sourceTree = "<group>"; };
		8BE27A9E2C9CC78800C27144 /* Base */ = {isa = PBXFileReference; lastKnownFileType = file.storyboard; name = Base; path = Base.lproj/LaunchScreen.storyboard; sourceTree = "<group>"; };
		8BE27AA02C9CC78800C27144 /* Info.plist */ = {isa = PBXFileReference; lastKnownFileType = text.plist.xml; path = Info.plist; sourceTree = "<group>"; };
		8BE27AA82C9CC7F200C27144 /* MainTabController.swift */ = {isa = PBXFileReference; lastKnownFileType = sourcecode.swift; path = MainTabController.swift; sourceTree = "<group>"; };
		8BE27AAA2C9DA89000C27144 /* LatestController.swift */ = {isa = PBXFileReference; lastKnownFileType = sourcecode.swift; path = LatestController.swift; sourceTree = "<group>"; };
		8BE27AAC2C9DA8A100C27144 /* RandomController.swift */ = {isa = PBXFileReference; lastKnownFileType = sourcecode.swift; path = RandomController.swift; sourceTree = "<group>"; };
		8BE27AAE2C9DA8AE00C27144 /* ProfileController.swift */ = {isa = PBXFileReference; lastKnownFileType = sourcecode.swift; path = ProfileController.swift; sourceTree = "<group>"; };
		8BE27AB32C9DAD1800C27144 /* CreateController.swift */ = {isa = PBXFileReference; lastKnownFileType = sourcecode.swift; path = CreateController.swift; sourceTree = "<group>"; };
/* End PBXFileReference section */

/* Begin PBXFrameworksBuildPhase section */
		8BE27A8C2C9CC78600C27144 /* Frameworks */ = {
			isa = PBXFrameworksBuildPhase;
			buildActionMask = 2147483647;
			files = (
				8B240FFC2CA18E63004D32F0 /* FirebaseAuth in Frameworks */,
				8B240FFE2CA18E63004D32F0 /* FirebaseFirestore in Frameworks */,
			);
			runOnlyForDeploymentPostprocessing = 0;
		};
/* End PBXFrameworksBuildPhase section */

/* Begin PBXGroup section */
		8B240FFF2CA18F3B004D32F0 /* Auth */ = {
			isa = PBXGroup;
			children = (
				8B82DE4C2CA2E0C90072DD2C /* SignInController.swift */,
				8B2410112CA1AC6A004D32F0 /* SignUpController.swift */,
				8B82DE502CA2E7650072DD2C /* ResetPasswordController.swift */,
			);
			path = Auth;
			sourceTree = "<group>";
		};
		8B2410022CA18F86004D32F0 /* Views */ = {
			isa = PBXGroup;
			children = (
				8B75B6782CA4380200D2A02D /* Alert */,
				8B2410092CA1942B004D32F0 /* Auth */,
				8B82DE4E2CA2E1D00072DD2C /* Buttons.swift */,
			);
			path = Views;
			sourceTree = "<group>";
		};
		8B2410092CA1942B004D32F0 /* Auth */ = {
			isa = PBXGroup;
			children = (
				8B24100F2CA1A37E004D32F0 /* AuthHeaderView.swift */,
				8B24100A2CA1991F004D32F0 /* AuthTextField.swift */,
			);
			path = Auth;
			sourceTree = "<group>";
		};
		8B75B6782CA4380200D2A02D /* Alert */ = {
			isa = PBXGroup;
			children = (
				8B75B67B2CA439B900D2A02D /* AlertButton.swift */,
				8B75B6762CA437E300D2A02D /* AlertLabels.swift */,
				8B75B6792CA4380700D2A02D /* AlertView.swift */,
			);
			path = Alert;
			sourceTree = "<group>";
		};
		8BAFF3E12CAD5CD4004FD64B /* Extensions */ = {
			isa = PBXGroup;
			children = (
				8BAFF3E22CAD5D02004FD64B /* Auth */,
				8BAFF3E92CAD5EEB004FD64B /* UIViewController+Extension.swift */,
				8BAFF3EB2CAD5F06004FD64B /* UITabBarController+Extension.swift */,
				8BAFF3ED2CAD5F1D004FD64B /* UIButton+Extension.swift */,
			);
			path = Extensions;
			sourceTree = "<group>";
		};
		8BAFF3E22CAD5D02004FD64B /* Auth */ = {
			isa = PBXGroup;
			children = (
				8BAFF3E52CAD5DF0004FD64B /* SignInController+Extension.swift */,
				8BAFF3E32CAD5D08004FD64B /* SignUpController+Extension.swift */,
				8BAFF3E72CAD5E85004FD64B /* ResetPasswordController+Extension.swift */,
			);
			path = Auth;
			sourceTree = "<group>";
		};
		8BAFF3F12CAD6191004FD64B /* ViewModel */ = {
			isa = PBXGroup;
			children = (
				8BAFF3F22CAD619B004FD64B /* Auth */,
			);
			path = ViewModel;
			sourceTree = "<group>";
		};
		8BAFF3F22CAD619B004FD64B /* Auth */ = {
			isa = PBXGroup;
			children = (
				8BAFF3F52CAD61AA004FD64B /* AuthViewModel.swift */,
				8BAFF3F32CAD61A2004FD64B /* SignInViewModel.swift */,
				8BAFF3F92CAD72F1004FD64B /* SignUpViewModel.swift */,
				8BAFF3F72CAD67FD004FD64B /* ResetPasswordViewModel.swift */,
			);
			path = Auth;
			sourceTree = "<group>";
		};
		8BE27A862C9CC78600C27144 = {
			isa = PBXGroup;
			children = (
				8BE27A912C9CC78600C27144 /* colors-app */,
				8BE27A902C9CC78600C27144 /* Products */,
			);
			sourceTree = "<group>";
		};
		8BE27A902C9CC78600C27144 /* Products */ = {
			isa = PBXGroup;
			children = (
				8BE27A8F2C9CC78600C27144 /* colors-app.app */,
			);
			name = Products;
			sourceTree = "<group>";
		};
		8BE27A912C9CC78600C27144 /* colors-app */ = {
			isa = PBXGroup;
			children = (
				8B2410022CA18F86004D32F0 /* Views */,
				8BAFF3F12CAD6191004FD64B /* ViewModel */,
				8BE27AA72C9CC7C200C27144 /* Controller */,
				8BAFF3E12CAD5CD4004FD64B /* Extensions */,
				8BE27AB02C9DACE200C27144 /* Utils */,
				8BE27AA62C9CC7BF00C27144 /* Support */,
				8BE27AA02C9CC78800C27144 /* Info.plist */,
			);
			path = "colors-app";
			sourceTree = "<group>";
		};
		8BE27AA62C9CC7BF00C27144 /* Support */ = {
			isa = PBXGroup;
			children = (
				8BE27A922C9CC78600C27144 /* AppDelegate.swift */,
				8BE27A942C9CC78600C27144 /* SceneDelegate.swift */,
				8BE27A9D2C9CC78800C27144 /* LaunchScreen.storyboard */,
				8BE27A9B2C9CC78800C27144 /* Assets.xcassets */,
			);
			path = Support;
			sourceTree = "<group>";
		};
		8BE27AA72C9CC7C200C27144 /* Controller */ = {
			isa = PBXGroup;
			children = (
				8B240FFF2CA18F3B004D32F0 /* Auth */,
				8BE27AA82C9CC7F200C27144 /* MainTabController.swift */,
				8BE27AAA2C9DA89000C27144 /* LatestController.swift */,
				8BE27AAC2C9DA8A100C27144 /* RandomController.swift */,
				8BE27AAE2C9DA8AE00C27144 /* ProfileController.swift */,
				8BE27AB32C9DAD1800C27144 /* CreateController.swift */,
			);
			path = Controller;
			sourceTree = "<group>";
		};
		8BE27AB02C9DACE200C27144 /* Utils */ = {
			isa = PBXGroup;
			children = (
			);
			path = Utils;
			sourceTree = "<group>";
		};
/* End PBXGroup section */

/* Begin PBXNativeTarget section */
		8BE27A8E2C9CC78600C27144 /* colors-app */ = {
			isa = PBXNativeTarget;
			buildConfigurationList = 8BE27AA32C9CC78800C27144 /* Build configuration list for PBXNativeTarget "colors-app" */;
			buildPhases = (
				8BE27A8B2C9CC78600C27144 /* Sources */,
				8BE27A8C2C9CC78600C27144 /* Frameworks */,
				8BE27A8D2C9CC78600C27144 /* Resources */,
			);
			buildRules = (
			);
			dependencies = (
			);
			name = "colors-app";
			productName = "colors-app";
			productReference = 8BE27A8F2C9CC78600C27144 /* colors-app.app */;
			productType = "com.apple.product-type.application";
		};
/* End PBXNativeTarget section */

/* Begin PBXProject section */
		8BE27A872C9CC78600C27144 /* Project object */ = {
			isa = PBXProject;
			attributes = {
				BuildIndependentTargetsInParallel = 1;
				LastSwiftUpdateCheck = 1540;
				LastUpgradeCheck = 1540;
				TargetAttributes = {
					8BE27A8E2C9CC78600C27144 = {
						CreatedOnToolsVersion = 15.4;
					};
				};
			};
			buildConfigurationList = 8BE27A8A2C9CC78600C27144 /* Build configuration list for PBXProject "colors-app" */;
			compatibilityVersion = "Xcode 14.0";
			developmentRegion = en;
			hasScannedForEncodings = 0;
			knownRegions = (
				en,
				Base,
			);
			mainGroup = 8BE27A862C9CC78600C27144;
			packageReferences = (
				8B240FFA2CA18E63004D32F0 /* XCRemoteSwiftPackageReference "firebase-ios-sdk" */,
			);
			productRefGroup = 8BE27A902C9CC78600C27144 /* Products */;
			projectDirPath = "";
			projectRoot = "";
			targets = (
				8BE27A8E2C9CC78600C27144 /* colors-app */,
			);
		};
/* End PBXProject section */

/* Begin PBXResourcesBuildPhase section */
		8BE27A8D2C9CC78600C27144 /* Resources */ = {
			isa = PBXResourcesBuildPhase;
			buildActionMask = 2147483647;
			files = (
				8BE27A9C2C9CC78800C27144 /* Assets.xcassets in Resources */,
				8BE27A9F2C9CC78800C27144 /* Base in Resources */,
			);
			runOnlyForDeploymentPostprocessing = 0;
		};
/* End PBXResourcesBuildPhase section */

/* Begin PBXSourcesBuildPhase section */
		8BE27A8B2C9CC78600C27144 /* Sources */ = {
			isa = PBXSourcesBuildPhase;
			buildActionMask = 2147483647;
			files = (
				8BE27A932C9CC78600C27144 /* AppDelegate.swift in Sources */,
				8B2410122CA1AC73004D32F0 /* SignUpController.swift in Sources */,
				8B82DE4D2CA2E0CD0072DD2C /* SignInController.swift in Sources */,
				8BAFF3EC2CAD5F0B004FD64B /* UITabBarController+Extension.swift in Sources */,
				8BAFF3F42CAD61A5004FD64B /* SignInViewModel.swift in Sources */,
				8BAFF3F82CAD6804004FD64B /* ResetPasswordViewModel.swift in Sources */,
				8BAFF3E62CAD5DF8004FD64B /* SignInController+Extension.swift in Sources */,
				8BE27AB42C9DAD1800C27144 /* CreateController.swift in Sources */,
				8BE27A952C9CC78600C27144 /* SceneDelegate.swift in Sources */,
				8BE27AAB2C9DA89000C27144 /* LatestController.swift in Sources */,
				8B82DE4F2CA2E1D30072DD2C /* Buttons.swift in Sources */,
				8BE27AA92C9CC7F200C27144 /* MainTabController.swift in Sources */,
				8B24100B2CA1991F004D32F0 /* AuthTextField.swift in Sources */,
				8BE27AAD2C9DA8A100C27144 /* RandomController.swift in Sources */,
				8BAFF3FA2CAD72F6004FD64B /* SignUpViewModel.swift in Sources */,
				8BE27AAF2C9DA8AE00C27144 /* ProfileController.swift in Sources */,
				8B75B6772CA437E500D2A02D /* AlertLabels.swift in Sources */,
				8B82DE512CA2E76B0072DD2C /* ResetPasswordController.swift in Sources */,
				8BAFF3E82CAD5E8A004FD64B /* ResetPasswordController+Extension.swift in Sources */,
				8B75B67C2CA439BB00D2A02D /* AlertButton.swift in Sources */,
				8B75B67A2CA4380C00D2A02D /* AlertView.swift in Sources */,
				8B2410102CA1A383004D32F0 /* AuthHeaderView.swift in Sources */,
				8BAFF3F62CAD61AD004FD64B /* AuthViewModel.swift in Sources */,
				8BAFF3EA2CAD5EEF004FD64B /* UIViewController+Extension.swift in Sources */,
				8BAFF3E42CAD5D0F004FD64B /* SignUpController+Extension.swift in Sources */,
				8BAFF3EE2CAD5F21004FD64B /* UIButton+Extension.swift in Sources */,
			);
			runOnlyForDeploymentPostprocessing = 0;
		};
/* End PBXSourcesBuildPhase section */

/* Begin PBXVariantGroup section */
		8BE27A9D2C9CC78800C27144 /* LaunchScreen.storyboard */ = {
			isa = PBXVariantGroup;
			children = (
				8BE27A9E2C9CC78800C27144 /* Base */,
			);
			name = LaunchScreen.storyboard;
			sourceTree = "<group>";
		};
/* End PBXVariantGroup section */

/* Begin XCBuildConfiguration section */
		8BE27AA12C9CC78800C27144 /* Debug */ = {
			isa = XCBuildConfiguration;
			buildSettings = {
				ALWAYS_SEARCH_USER_PATHS = NO;
				ASSETCATALOG_COMPILER_GENERATE_SWIFT_ASSET_SYMBOL_EXTENSIONS = YES;
				CLANG_ANALYZER_NONNULL = YES;
				CLANG_ANALYZER_NUMBER_OBJECT_CONVERSION = YES_AGGRESSIVE;
				CLANG_CXX_LANGUAGE_STANDARD = "gnu++20";
				CLANG_ENABLE_MODULES = YES;
				CLANG_ENABLE_OBJC_ARC = YES;
				CLANG_ENABLE_OBJC_WEAK = YES;
				CLANG_WARN_BLOCK_CAPTURE_AUTORELEASING = YES;
				CLANG_WARN_BOOL_CONVERSION = YES;
				CLANG_WARN_COMMA = YES;
				CLANG_WARN_CONSTANT_CONVERSION = YES;
				CLANG_WARN_DEPRECATED_OBJC_IMPLEMENTATIONS = YES;
				CLANG_WARN_DIRECT_OBJC_ISA_USAGE = YES_ERROR;
				CLANG_WARN_DOCUMENTATION_COMMENTS = YES;
				CLANG_WARN_EMPTY_BODY = YES;
				CLANG_WARN_ENUM_CONVERSION = YES;
				CLANG_WARN_INFINITE_RECURSION = YES;
				CLANG_WARN_INT_CONVERSION = YES;
				CLANG_WARN_NON_LITERAL_NULL_CONVERSION = YES;
				CLANG_WARN_OBJC_IMPLICIT_RETAIN_SELF = YES;
				CLANG_WARN_OBJC_LITERAL_CONVERSION = YES;
				CLANG_WARN_OBJC_ROOT_CLASS = YES_ERROR;
				CLANG_WARN_QUOTED_INCLUDE_IN_FRAMEWORK_HEADER = YES;
				CLANG_WARN_RANGE_LOOP_ANALYSIS = YES;
				CLANG_WARN_STRICT_PROTOTYPES = YES;
				CLANG_WARN_SUSPICIOUS_MOVE = YES;
				CLANG_WARN_UNGUARDED_AVAILABILITY = YES_AGGRESSIVE;
				CLANG_WARN_UNREACHABLE_CODE = YES;
				CLANG_WARN__DUPLICATE_METHOD_MATCH = YES;
				COPY_PHASE_STRIP = NO;
				DEBUG_INFORMATION_FORMAT = dwarf;
				ENABLE_STRICT_OBJC_MSGSEND = YES;
				ENABLE_TESTABILITY = YES;
				ENABLE_USER_SCRIPT_SANDBOXING = YES;
				GCC_C_LANGUAGE_STANDARD = gnu17;
				GCC_DYNAMIC_NO_PIC = NO;
				GCC_NO_COMMON_BLOCKS = YES;
				GCC_OPTIMIZATION_LEVEL = 0;
				GCC_PREPROCESSOR_DEFINITIONS = (
					"DEBUG=1",
					"$(inherited)",
				);
				GCC_WARN_64_TO_32_BIT_CONVERSION = YES;
				GCC_WARN_ABOUT_RETURN_TYPE = YES_ERROR;
				GCC_WARN_UNDECLARED_SELECTOR = YES;
				GCC_WARN_UNINITIALIZED_AUTOS = YES_AGGRESSIVE;
				GCC_WARN_UNUSED_FUNCTION = YES;
				GCC_WARN_UNUSED_VARIABLE = YES;
				IPHONEOS_DEPLOYMENT_TARGET = 15.0;
				LOCALIZATION_PREFERS_STRING_CATALOGS = YES;
				MTL_ENABLE_DEBUG_INFO = INCLUDE_SOURCE;
				MTL_FAST_MATH = YES;
				ONLY_ACTIVE_ARCH = YES;
				SDKROOT = iphoneos;
				SWIFT_ACTIVE_COMPILATION_CONDITIONS = "DEBUG $(inherited)";
				SWIFT_OPTIMIZATION_LEVEL = "-Onone";
			};
			name = Debug;
		};
		8BE27AA22C9CC78800C27144 /* Release */ = {
			isa = XCBuildConfiguration;
			buildSettings = {
				ALWAYS_SEARCH_USER_PATHS = NO;
				ASSETCATALOG_COMPILER_GENERATE_SWIFT_ASSET_SYMBOL_EXTENSIONS = YES;
				CLANG_ANALYZER_NONNULL = YES;
				CLANG_ANALYZER_NUMBER_OBJECT_CONVERSION = YES_AGGRESSIVE;
				CLANG_CXX_LANGUAGE_STANDARD = "gnu++20";
				CLANG_ENABLE_MODULES = YES;
				CLANG_ENABLE_OBJC_ARC = YES;
				CLANG_ENABLE_OBJC_WEAK = YES;
				CLANG_WARN_BLOCK_CAPTURE_AUTORELEASING = YES;
				CLANG_WARN_BOOL_CONVERSION = YES;
				CLANG_WARN_COMMA = YES;
				CLANG_WARN_CONSTANT_CONVERSION = YES;
				CLANG_WARN_DEPRECATED_OBJC_IMPLEMENTATIONS = YES;
				CLANG_WARN_DIRECT_OBJC_ISA_USAGE = YES_ERROR;
				CLANG_WARN_DOCUMENTATION_COMMENTS = YES;
				CLANG_WARN_EMPTY_BODY = YES;
				CLANG_WARN_ENUM_CONVERSION = YES;
				CLANG_WARN_INFINITE_RECURSION = YES;
				CLANG_WARN_INT_CONVERSION = YES;
				CLANG_WARN_NON_LITERAL_NULL_CONVERSION = YES;
				CLANG_WARN_OBJC_IMPLICIT_RETAIN_SELF = YES;
				CLANG_WARN_OBJC_LITERAL_CONVERSION = YES;
				CLANG_WARN_OBJC_ROOT_CLASS = YES_ERROR;
				CLANG_WARN_QUOTED_INCLUDE_IN_FRAMEWORK_HEADER = YES;
				CLANG_WARN_RANGE_LOOP_ANALYSIS = YES;
				CLANG_WARN_STRICT_PROTOTYPES = YES;
				CLANG_WARN_SUSPICIOUS_MOVE = YES;
				CLANG_WARN_UNGUARDED_AVAILABILITY = YES_AGGRESSIVE;
				CLANG_WARN_UNREACHABLE_CODE = YES;
				CLANG_WARN__DUPLICATE_METHOD_MATCH = YES;
				COPY_PHASE_STRIP = NO;
				DEBUG_INFORMATION_FORMAT = "dwarf-with-dsym";
				ENABLE_NS_ASSERTIONS = NO;
				ENABLE_STRICT_OBJC_MSGSEND = YES;
				ENABLE_USER_SCRIPT_SANDBOXING = YES;
				GCC_C_LANGUAGE_STANDARD = gnu17;
				GCC_NO_COMMON_BLOCKS = YES;
				GCC_WARN_64_TO_32_BIT_CONVERSION = YES;
				GCC_WARN_ABOUT_RETURN_TYPE = YES_ERROR;
				GCC_WARN_UNDECLARED_SELECTOR = YES;
				GCC_WARN_UNINITIALIZED_AUTOS = YES_AGGRESSIVE;
				GCC_WARN_UNUSED_FUNCTION = YES;
				GCC_WARN_UNUSED_VARIABLE = YES;
				IPHONEOS_DEPLOYMENT_TARGET = 15.0;
				LOCALIZATION_PREFERS_STRING_CATALOGS = YES;
				MTL_ENABLE_DEBUG_INFO = NO;
				MTL_FAST_MATH = YES;
				SDKROOT = iphoneos;
				SWIFT_COMPILATION_MODE = wholemodule;
				VALIDATE_PRODUCT = YES;
			};
			name = Release;
		};
		8BE27AA42C9CC78800C27144 /* Debug */ = {
			isa = XCBuildConfiguration;
			buildSettings = {
				ASSETCATALOG_COMPILER_APPICON_NAME = AppIcon;
				ASSETCATALOG_COMPILER_GLOBAL_ACCENT_COLOR_NAME = AccentColor;
				CODE_SIGN_STYLE = Automatic;
				CURRENT_PROJECT_VERSION = 1;
				GENERATE_INFOPLIST_FILE = YES;
				INFOPLIST_FILE = "colors-app/Info.plist";
				INFOPLIST_KEY_CFBundleDisplayName = Colors;
				INFOPLIST_KEY_LSApplicationCategoryType = "public.app-category.utilities";
				INFOPLIST_KEY_UIApplicationSupportsIndirectInputEvents = YES;
				INFOPLIST_KEY_UILaunchStoryboardName = LaunchScreen;
				INFOPLIST_KEY_UISupportedInterfaceOrientations = UIInterfaceOrientationPortrait;
				INFOPLIST_KEY_UISupportedInterfaceOrientations_iPad = "UIInterfaceOrientationLandscapeLeft UIInterfaceOrientationLandscapeRight UIInterfaceOrientationPortrait UIInterfaceOrientationPortraitUpsideDown";
				IPHONEOS_DEPLOYMENT_TARGET = 15.0;
				LD_RUNPATH_SEARCH_PATHS = (
					"$(inherited)",
					"@executable_path/Frameworks",
				);
				MARKETING_VERSION = 1.0;
				PRODUCT_BUNDLE_IDENTIFIER = "io.github.otegecmis.colors-app";
				PRODUCT_NAME = "$(TARGET_NAME)";
				SUPPORTED_PLATFORMS = "iphoneos iphonesimulator";
				SUPPORTS_MACCATALYST = NO;
				SUPPORTS_MAC_DESIGNED_FOR_IPHONE_IPAD = NO;
				SUPPORTS_XR_DESIGNED_FOR_IPHONE_IPAD = NO;
				SWIFT_EMIT_LOC_STRINGS = YES;
				SWIFT_VERSION = 5.0;
				TARGETED_DEVICE_FAMILY = 1;
			};
			name = Debug;
		};
		8BE27AA52C9CC78800C27144 /* Release */ = {
			isa = XCBuildConfiguration;
			buildSettings = {
				ASSETCATALOG_COMPILER_APPICON_NAME = AppIcon;
				ASSETCATALOG_COMPILER_GLOBAL_ACCENT_COLOR_NAME = AccentColor;
				CODE_SIGN_STYLE = Automatic;
				CURRENT_PROJECT_VERSION = 1;
				GENERATE_INFOPLIST_FILE = YES;
				INFOPLIST_FILE = "colors-app/Info.plist";
				INFOPLIST_KEY_CFBundleDisplayName = Colors;
				INFOPLIST_KEY_LSApplicationCategoryType = "public.app-category.utilities";
				INFOPLIST_KEY_UIApplicationSupportsIndirectInputEvents = YES;
				INFOPLIST_KEY_UILaunchStoryboardName = LaunchScreen;
				INFOPLIST_KEY_UISupportedInterfaceOrientations = UIInterfaceOrientationPortrait;
				INFOPLIST_KEY_UISupportedInterfaceOrientations_iPad = "UIInterfaceOrientationLandscapeLeft UIInterfaceOrientationLandscapeRight UIInterfaceOrientationPortrait UIInterfaceOrientationPortraitUpsideDown";
				IPHONEOS_DEPLOYMENT_TARGET = 15.0;
				LD_RUNPATH_SEARCH_PATHS = (
					"$(inherited)",
					"@executable_path/Frameworks",
				);
				MARKETING_VERSION = 1.0;
				PRODUCT_BUNDLE_IDENTIFIER = "io.github.otegecmis.colors-app";
				PRODUCT_NAME = "$(TARGET_NAME)";
				SUPPORTED_PLATFORMS = "iphoneos iphonesimulator";
				SUPPORTS_MACCATALYST = NO;
				SUPPORTS_MAC_DESIGNED_FOR_IPHONE_IPAD = NO;
				SUPPORTS_XR_DESIGNED_FOR_IPHONE_IPAD = NO;
				SWIFT_EMIT_LOC_STRINGS = YES;
				SWIFT_VERSION = 5.0;
				TARGETED_DEVICE_FAMILY = 1;
			};
			name = Release;
		};
/* End XCBuildConfiguration section */

/* Begin XCConfigurationList section */
		8BE27A8A2C9CC78600C27144 /* Build configuration list for PBXProject "colors-app" */ = {
			isa = XCConfigurationList;
			buildConfigurations = (
				8BE27AA12C9CC78800C27144 /* Debug */,
				8BE27AA22C9CC78800C27144 /* Release */,
			);
			defaultConfigurationIsVisible = 0;
			defaultConfigurationName = Release;
		};
		8BE27AA32C9CC78800C27144 /* Build configuration list for PBXNativeTarget "colors-app" */ = {
			isa = XCConfigurationList;
			buildConfigurations = (
				8BE27AA42C9CC78800C27144 /* Debug */,
				8BE27AA52C9CC78800C27144 /* Release */,
			);
			defaultConfigurationIsVisible = 0;
			defaultConfigurationName = Release;
		};
/* End XCConfigurationList section */

/* Begin XCRemoteSwiftPackageReference section */
		8B240FFA2CA18E63004D32F0 /* XCRemoteSwiftPackageReference "firebase-ios-sdk" */ = {
			isa = XCRemoteSwiftPackageReference;
			repositoryURL = "https://github.com/firebase/firebase-ios-sdk";
			requirement = {
				kind = upToNextMajorVersion;
				minimumVersion = 11.2.0;
			};
		};
/* End XCRemoteSwiftPackageReference section */

/* Begin XCSwiftPackageProductDependency section */
		8B240FFB2CA18E63004D32F0 /* FirebaseAuth */ = {
			isa = XCSwiftPackageProductDependency;
			package = 8B240FFA2CA18E63004D32F0 /* XCRemoteSwiftPackageReference "firebase-ios-sdk" */;
			productName = FirebaseAuth;
		};
		8B240FFD2CA18E63004D32F0 /* FirebaseFirestore */ = {
			isa = XCSwiftPackageProductDependency;
			package = 8B240FFA2CA18E63004D32F0 /* XCRemoteSwiftPackageReference "firebase-ios-sdk" */;
			productName = FirebaseFirestore;
		};
/* End XCSwiftPackageProductDependency section */
	};
	rootObject = 8BE27A872C9CC78600C27144 /* Project object */;
}
